// !$*UTF8*$!
{
	archiveVersion = 1;
	classes = {
	};
	objectVersion = 50;
	objects = {

/* Begin PBXBuildFile section */
		9AA4AE9124045B0A00D79DAD /* AppDelegate.swift in Sources */ = {isa = PBXBuildFile; fileRef = 9AA4AE9024045B0A00D79DAD /* AppDelegate.swift */; };
		9AA4AE9324045B0A00D79DAD /* SceneDelegate.swift in Sources */ = {isa = PBXBuildFile; fileRef = 9AA4AE9224045B0A00D79DAD /* SceneDelegate.swift */; };
		9AA4AE9524045B0A00D79DAD /* ViewController.swift in Sources */ = {isa = PBXBuildFile; fileRef = 9AA4AE9424045B0A00D79DAD /* ViewController.swift */; };
		9AA4AE9824045B0A00D79DAD /* Main.storyboard in Resources */ = {isa = PBXBuildFile; fileRef = 9AA4AE9624045B0A00D79DAD /* Main.storyboard */; };
		9AA4AE9A24045B1700D79DAD /* Assets.xcassets in Resources */ = {isa = PBXBuildFile; fileRef = 9AA4AE9924045B1700D79DAD /* Assets.xcassets */; };
		9AA4AE9D24045B1700D79DAD /* LaunchScreen.storyboard in Resources */ = {isa = PBXBuildFile; fileRef = 9AA4AE9B24045B1700D79DAD /* LaunchScreen.storyboard */; };
		9AA4AEA824045B1700D79DAD /* NetworkingTestAppTests.swift in Sources */ = {isa = PBXBuildFile; fileRef = 9AA4AEA724045B1700D79DAD /* NetworkingTestAppTests.swift */; };
		9AA4AEB324045B1700D79DAD /* NetworkingTestAppUITests.swift in Sources */ = {isa = PBXBuildFile; fileRef = 9AA4AEB224045B1700D79DAD /* NetworkingTestAppUITests.swift */; };
/* End PBXBuildFile section */

/* Begin PBXContainerItemProxy section */
		9AA4AEA424045B1700D79DAD /* PBXContainerItemProxy */ = {
			isa = PBXContainerItemProxy;
			containerPortal = 9AA4AE8524045B0A00D79DAD /* Project object */;
			proxyType = 1;
			remoteGlobalIDString = 9AA4AE8C24045B0A00D79DAD;
			remoteInfo = NetworkingTestApp;
		};
		9AA4AEAF24045B1700D79DAD /* PBXContainerItemProxy */ = {
			isa = PBXContainerItemProxy;
			containerPortal = 9AA4AE8524045B0A00D79DAD /* Project object */;
			proxyType = 1;
			remoteGlobalIDString = 9AA4AE8C24045B0A00D79DAD;
			remoteInfo = NetworkingTestApp;
		};
/* End PBXContainerItemProxy section */

/* Begin PBXFileReference section */
		9AA4AE8D24045B0A00D79DAD /* NetworkingTestApp.app */ = {isa = PBXFileReference; explicitFileType = wrapper.application; includeInIndex = 0; path = NetworkingTestApp.app; sourceTree = BUILT_PRODUCTS_DIR; };
		9AA4AE9024045B0A00D79DAD /* AppDelegate.swift */ = {isa = PBXFileReference; lastKnownFileType = sourcecode.swift; path = AppDelegate.swift; sourceTree = "<group>"; };
		9AA4AE9224045B0A00D79DAD /* SceneDelegate.swift */ = {isa = PBXFileReference; lastKnownFileType = sourcecode.swift; path = SceneDelegate.swift; sourceTree = "<group>"; };
		9AA4AE9424045B0A00D79DAD /* ViewController.swift */ = {isa = PBXFileReference; lastKnownFileType = sourcecode.swift; path = ViewController.swift; sourceTree = "<group>"; };
		9AA4AE9724045B0A00D79DAD /* Base */ = {isa = PBXFileReference; lastKnownFileType = file.storyboard; name = Base; path = Base.lproj/Main.storyboard; sourceTree = "<group>"; };
		9AA4AE9924045B1700D79DAD /* Assets.xcassets */ = {isa = PBXFileReference; lastKnownFileType = folder.assetcatalog; path = Assets.xcassets; sourceTree = "<group>"; };
		9AA4AE9C24045B1700D79DAD /* Base */ = {isa = PBXFileReference; lastKnownFileType = file.storyboard; name = Base; path = Base.lproj/LaunchScreen.storyboard; sourceTree = "<group>"; };
		9AA4AE9E24045B1700D79DAD /* Info.plist */ = {isa = PBXFileReference; lastKnownFileType = text.plist.xml; path = Info.plist; sourceTree = "<group>"; };
		9AA4AEA324045B1700D79DAD /* NetworkingTestAppTests.xctest */ = {isa = PBXFileReference; explicitFileType = wrapper.cfbundle; includeInIndex = 0; path = NetworkingTestAppTests.xctest; sourceTree = BUILT_PRODUCTS_DIR; };
		9AA4AEA724045B1700D79DAD /* NetworkingTestAppTests.swift */ = {isa = PBXFileReference; lastKnownFileType = sourcecode.swift; path = NetworkingTestAppTests.swift; sourceTree = "<group>"; };
		9AA4AEA924045B1700D79DAD /* Info.plist */ = {isa = PBXFileReference; lastKnownFileType = text.plist.xml; path = Info.plist; sourceTree = "<group>"; };
		9AA4AEAE24045B1700D79DAD /* NetworkingTestAppUITests.xctest */ = {isa = PBXFileReference; explicitFileType = wrapper.cfbundle; includeInIndex = 0; path = NetworkingTestAppUITests.xctest; sourceTree = BUILT_PRODUCTS_DIR; };
		9AA4AEB224045B1700D79DAD /* NetworkingTestAppUITests.swift */ = {isa = PBXFileReference; lastKnownFileType = sourcecode.swift; path = NetworkingTestAppUITests.swift; sourceTree = "<group>"; };
		9AA4AEB424045B1700D79DAD /* Info.plist */ = {isa = PBXFileReference; lastKnownFileType = text.plist.xml; path = Info.plist; sourceTree = "<group>"; };
/* End PBXFileReference section */

/* Begin PBXFrameworksBuildPhase section */
		9AA4AE8A24045B0A00D79DAD /* Frameworks */ = {
			isa = PBXFrameworksBuildPhase;
			buildActionMask = 2147483647;
			files = (
			);
			runOnlyForDeploymentPostprocessing = 0;
		};
		9AA4AEA024045B1700D79DAD /* Frameworks */ = {
			isa = PBXFrameworksBuildPhase;
			buildActionMask = 2147483647;
			files = (
			);
			runOnlyForDeploymentPostprocessing = 0;
		};
		9AA4AEAB24045B1700D79DAD /* Frameworks */ = {
			isa = PBXFrameworksBuildPhase;
			buildActionMask = 2147483647;
			files = (
			);
			runOnlyForDeploymentPostprocessing = 0;
		};
/* End PBXFrameworksBuildPhase section */

/* Begin PBXGroup section */
		9AA4AE8424045B0A00D79DAD = {
			isa = PBXGroup;
			children = (
				9AA4AE8F24045B0A00D79DAD /* NetworkingTestApp */,
				9AA4AEA624045B1700D79DAD /* NetworkingTestAppTests */,
				9AA4AEB124045B1700D79DAD /* NetworkingTestAppUITests */,
				9AA4AE8E24045B0A00D79DAD /* Products */,
			);
			sourceTree = "<group>";
		};
		9AA4AE8E24045B0A00D79DAD /* Products */ = {
			isa = PBXGroup;
			children = (
				9AA4AE8D24045B0A00D79DAD /* NetworkingTestApp.app */,
				9AA4AEA324045B1700D79DAD /* NetworkingTestAppTests.xctest */,
				9AA4AEAE24045B1700D79DAD /* NetworkingTestAppUITests.xctest */,
			);
			name = Products;
			sourceTree = "<group>";
		};
		9AA4AE8F24045B0A00D79DAD /* NetworkingTestApp */ = {
			isa = PBXGroup;
			children = (
				9AA4AE9024045B0A00D79DAD /* AppDelegate.swift */,
				9AA4AE9224045B0A00D79DAD /* SceneDelegate.swift */,
				9AA4AE9424045B0A00D79DAD /* ViewController.swift */,
				9AA4AE9624045B0A00D79DAD /* Main.storyboard */,
				9AA4AE9924045B1700D79DAD /* Assets.xcassets */,
				9AA4AE9B24045B1700D79DAD /* LaunchScreen.storyboard */,
				9AA4AE9E24045B1700D79DAD /* Info.plist */,
			);
			path = NetworkingTestApp;
			sourceTree = "<group>";
		};
		9AA4AEA624045B1700D79DAD /* NetworkingTestAppTests */ = {
			isa = PBXGroup;
			children = (
				9AA4AEA724045B1700D79DAD /* NetworkingTestAppTests.swift */,
				9AA4AEA924045B1700D79DAD /* Info.plist */,
			);
			path = NetworkingTestAppTests;
			sourceTree = "<group>";
		};
		9AA4AEB124045B1700D79DAD /* NetworkingTestAppUITests */ = {
			isa = PBXGroup;
			children = (
				9AA4AEB224045B1700D79DAD /* NetworkingTestAppUITests.swift */,
				9AA4AEB424045B1700D79DAD /* Info.plist */,
			);
			path = NetworkingTestAppUITests;
			sourceTree = "<group>";
		};
/* End PBXGroup section */

/* Begin PBXNativeTarget section */
		9AA4AE8C24045B0A00D79DAD /* NetworkingTestApp */ = {
			isa = PBXNativeTarget;
			buildConfigurationList = 9AA4AEB724045B1700D79DAD /* Build configuration list for PBXNativeTarget "NetworkingTestApp" */;
			buildPhases = (
				9AA4AE8924045B0A00D79DAD /* Sources */,
				9AA4AE8A24045B0A00D79DAD /* Frameworks */,
				9AA4AE8B24045B0A00D79DAD /* Resources */,
			);
			buildRules = (
			);
			dependencies = (
			);
			name = NetworkingTestApp;
			productName = NetworkingTestApp;
			productReference = 9AA4AE8D24045B0A00D79DAD /* NetworkingTestApp.app */;
			productType = "com.apple.product-type.application";
		};
		9AA4AEA224045B1700D79DAD /* NetworkingTestAppTests */ = {
			isa = PBXNativeTarget;
			buildConfigurationList = 9AA4AEBA24045B1700D79DAD /* Build configuration list for PBXNativeTarget "NetworkingTestAppTests" */;
			buildPhases = (
				9AA4AE9F24045B1700D79DAD /* Sources */,
				9AA4AEA024045B1700D79DAD /* Frameworks */,
				9AA4AEA124045B1700D79DAD /* Resources */,
			);
			buildRules = (
			);
			dependencies = (
				9AA4AEA524045B1700D79DAD /* PBXTargetDependency */,
			);
			name = NetworkingTestAppTests;
			productName = NetworkingTestAppTests;
			productReference = 9AA4AEA324045B1700D79DAD /* NetworkingTestAppTests.xctest */;
			productType = "com.apple.product-type.bundle.unit-test";
		};
		9AA4AEAD24045B1700D79DAD /* NetworkingTestAppUITests */ = {
			isa = PBXNativeTarget;
			buildConfigurationList = 9AA4AEBD24045B1700D79DAD /* Build configuration list for PBXNativeTarget "NetworkingTestAppUITests" */;
			buildPhases = (
				9AA4AEAA24045B1700D79DAD /* Sources */,
				9AA4AEAB24045B1700D79DAD /* Frameworks */,
				9AA4AEAC24045B1700D79DAD /* Resources */,
			);
			buildRules = (
			);
			dependencies = (
				9AA4AEB024045B1700D79DAD /* PBXTargetDependency */,
			);
			name = NetworkingTestAppUITests;
			productName = NetworkingTestAppUITests;
			productReference = 9AA4AEAE24045B1700D79DAD /* NetworkingTestAppUITests.xctest */;
			productType = "com.apple.product-type.bundle.ui-testing";
		};
/* End PBXNativeTarget section */

/* Begin PBXProject section */
		9AA4AE8524045B0A00D79DAD /* Project object */ = {
			isa = PBXProject;
			attributes = {
				LastSwiftUpdateCheck = 1130;
				LastUpgradeCheck = 1130;
				ORGANIZATIONNAME = "Majdi Felah";
				TargetAttributes = {
					9AA4AE8C24045B0A00D79DAD = {
						CreatedOnToolsVersion = 11.3.1;
					};
					9AA4AEA224045B1700D79DAD = {
						CreatedOnToolsVersion = 11.3.1;
						TestTargetID = 9AA4AE8C24045B0A00D79DAD;
					};
					9AA4AEAD24045B1700D79DAD = {
						CreatedOnToolsVersion = 11.3.1;
						TestTargetID = 9AA4AE8C24045B0A00D79DAD;
					};
				};
			};
			buildConfigurationList = 9AA4AE8824045B0A00D79DAD /* Build configuration list for PBXProject "NetworkingTestApp" */;
			compatibilityVersion = "Xcode 9.3";
			developmentRegion = en;
			hasScannedForEncodings = 0;
			knownRegions = (
				en,
				Base,
			);
			mainGroup = 9AA4AE8424045B0A00D79DAD;
			productRefGroup = 9AA4AE8E24045B0A00D79DAD /* Products */;
			projectDirPath = "";
			projectRoot = "";
			targets = (
				9AA4AE8C24045B0A00D79DAD /* NetworkingTestApp */,
				9AA4AEA224045B1700D79DAD /* NetworkingTestAppTests */,
				9AA4AEAD24045B1700D79DAD /* NetworkingTestAppUITests */,
			);
		};
/* End PBXProject section */

/* Begin PBXResourcesBuildPhase section */
		9AA4AE8B24045B0A00D79DAD /* Resources */ = {
			isa = PBXResourcesBuildPhase;
			buildActionMask = 2147483647;
			files = (
				9AA4AE9D24045B1700D79DAD /* LaunchScreen.storyboard in Resources */,
				9AA4AE9A24045B1700D79DAD /* Assets.xcassets in Resources */,
				9AA4AE9824045B0A00D79DAD /* Main.storyboard in Resources */,
			);
			runOnlyForDeploymentPostprocessing = 0;
		};
		9AA4AEA124045B1700D79DAD /* Resources */ = {
			isa = PBXResourcesBuildPhase;
			buildActionMask = 2147483647;
			files = (
			);
			runOnlyForDeploymentPostprocessing = 0;
		};
		9AA4AEAC24045B1700D79DAD /* Resources */ = {
			isa = PBXResourcesBuildPhase;
			buildActionMask = 2147483647;
			files = (
			);
			runOnlyForDeploymentPostprocessing = 0;
		};
/* End PBXResourcesBuildPhase section */

/* Begin PBXSourcesBuildPhase section */
		9AA4AE8924045B0A00D79DAD /* Sources */ = {
			isa = PBXSourcesBuildPhase;
			buildActionMask = 2147483647;
			files = (
				9AA4AE9524045B0A00D79DAD /* ViewController.swift in Sources */,
				9AA4AE9124045B0A00D79DAD /* AppDelegate.swift in Sources */,
				9AA4AE9324045B0A00D79DAD /* SceneDelegate.swift in Sources */,
			);
			runOnlyForDeploymentPostprocessing = 0;
		};
		9AA4AE9F24045B1700D79DAD /* Sources */ = {
			isa = PBXSourcesBuildPhase;
			buildActionMask = 2147483647;
			files = (
				9AA4AEA824045B1700D79DAD /* NetworkingTestAppTests.swift in Sources */,
			);
			runOnlyForDeploymentPostprocessing = 0;
		};
		9AA4AEAA24045B1700D79DAD /* Sources */ = {
			isa = PBXSourcesBuildPhase;
			buildActionMask = 2147483647;
			files = (
				9AA4AEB324045B1700D79DAD /* NetworkingTestAppUITests.swift in Sources */,
			);
			runOnlyForDeploymentPostprocessing = 0;
		};
/* End PBXSourcesBuildPhase section */

/* Begin PBXTargetDependency section */
		9AA4AEA524045B1700D79DAD /* PBXTargetDependency */ = {
			isa = PBXTargetDependency;
			target = 9AA4AE8C24045B0A00D79DAD /* NetworkingTestApp */;
			targetProxy = 9AA4AEA424045B1700D79DAD /* PBXContainerItemProxy */;
		};
		9AA4AEB024045B1700D79DAD /* PBXTargetDependency */ = {
			isa = PBXTargetDependency;
			target = 9AA4AE8C24045B0A00D79DAD /* NetworkingTestApp */;
			targetProxy = 9AA4AEAF24045B1700D79DAD /* PBXContainerItemProxy */;
		};
/* End PBXTargetDependency section */

/* Begin PBXVariantGroup section */
		9AA4AE9624045B0A00D79DAD /* Main.storyboard */ = {
			isa = PBXVariantGroup;
			children = (
				9AA4AE9724045B0A00D79DAD /* Base */,
			);
			name = Main.storyboard;
			sourceTree = "<group>";
		};
		9AA4AE9B24045B1700D79DAD /* LaunchScreen.storyboard */ = {
			isa = PBXVariantGroup;
			children = (
				9AA4AE9C24045B1700D79DAD /* Base */,
			);
			name = LaunchScreen.storyboard;
			sourceTree = "<group>";
		};
/* End PBXVariantGroup section */

/* Begin XCBuildConfiguration section */
		9AA4AEB524045B1700D79DAD /* Debug */ = {
			isa = XCBuildConfiguration;
			buildSettings = {
				ALWAYS_SEARCH_USER_PATHS = NO;
				CLANG_ANALYZER_NONNULL = YES;
				CLANG_ANALYZER_NUMBER_OBJECT_CONVERSION = YES_AGGRESSIVE;
				CLANG_CXX_LANGUAGE_STANDARD = "gnu++14";
				CLANG_CXX_LIBRARY = "libc++";
				CLANG_ENABLE_MODULES = YES;
				CLANG_ENABLE_OBJC_ARC = YES;
				CLANG_ENABLE_OBJC_WEAK = YES;
				CLANG_WARN_BLOCK_CAPTURE_AUTORELEASING = YES;
				CLANG_WARN_BOOL_CONVERSION = YES;
				CLANG_WARN_COMMA = YES;
				CLANG_WARN_CONSTANT_CONVERSION = YES;
				CLANG_WARN_DEPRECATED_OBJC_IMPLEMENTATIONS = YES;
				CLANG_WARN_DIRECT_OBJC_ISA_USAGE = YES_ERROR;
				CLANG_WARN_DOCUMENTATION_COMMENTS = YES;
				CLANG_WARN_EMPTY_BODY = YES;
				CLANG_WARN_ENUM_CONVERSION = YES;
				CLANG_WARN_INFINITE_RECURSION = YES;
				CLANG_WARN_INT_CONVERSION = YES;
				CLANG_WARN_NON_LITERAL_NULL_CONVERSION = YES;
				CLANG_WARN_OBJC_IMPLICIT_RETAIN_SELF = YES;
				CLANG_WARN_OBJC_LITERAL_CONVERSION = YES;
				CLANG_WARN_OBJC_ROOT_CLASS = YES_ERROR;
				CLANG_WARN_RANGE_LOOP_ANALYSIS = YES;
				CLANG_WARN_STRICT_PROTOTYPES = YES;
				CLANG_WARN_SUSPICIOUS_MOVE = YES;
				CLANG_WARN_UNGUARDED_AVAILABILITY = YES_AGGRESSIVE;
				CLANG_WARN_UNREACHABLE_CODE = YES;
				CLANG_WARN__DUPLICATE_METHOD_MATCH = YES;
				COPY_PHASE_STRIP = NO;
				DEBUG_INFORMATION_FORMAT = dwarf;
				ENABLE_STRICT_OBJC_MSGSEND = YES;
				ENABLE_TESTABILITY = YES;
				GCC_C_LANGUAGE_STANDARD = gnu11;
				GCC_DYNAMIC_NO_PIC = NO;
				GCC_NO_COMMON_BLOCKS = YES;
				GCC_OPTIMIZATION_LEVEL = 0;
				GCC_PREPROCESSOR_DEFINITIONS = (
					"DEBUG=1",
					"$(inherited)",
				);
				GCC_WARN_64_TO_32_BIT_CONVERSION = YES;
				GCC_WARN_ABOUT_RETURN_TYPE = YES_ERROR;
				GCC_WARN_UNDECLARED_SELECTOR = YES;
				GCC_WARN_UNINITIALIZED_AUTOS = YES_AGGRESSIVE;
				GCC_WARN_UNUSED_FUNCTION = YES;
				GCC_WARN_UNUSED_VARIABLE = YES;
				IPHONEOS_DEPLOYMENT_TARGET = 13.2;
				MTL_ENABLE_DEBUG_INFO = INCLUDE_SOURCE;
				MTL_FAST_MATH = YES;
				ONLY_ACTIVE_ARCH = YES;
				SDKROOT = iphoneos;
				SWIFT_ACTIVE_COMPILATION_CONDITIONS = DEBUG;
				SWIFT_OPTIMIZATION_LEVEL = "-Onone";
			};
			name = Debug;
		};
		9AA4AEB624045B1700D79DAD /* Release */ = {
			isa = XCBuildConfiguration;
			buildSettings = {
				ALWAYS_SEARCH_USER_PATHS = NO;
				CLANG_ANALYZER_NONNULL = YES;
				CLANG_ANALYZER_NUMBER_OBJECT_CONVERSION = YES_AGGRESSIVE;
				CLANG_CXX_LANGUAGE_STANDARD = "gnu++14";
				CLANG_CXX_LIBRARY = "libc++";
				CLANG_ENABLE_MODULES = YES;
				CLANG_ENABLE_OBJC_ARC = YES;
				CLANG_ENABLE_OBJC_WEAK = YES;
				CLANG_WARN_BLOCK_CAPTURE_AUTORELEASING = YES;
				CLANG_WARN_BOOL_CONVERSION = YES;
				CLANG_WARN_COMMA = YES;
				CLANG_WARN_CONSTANT_CONVERSION = YES;
				CLANG_WARN_DEPRECATED_OBJC_IMPLEMENTATIONS = YES;
				CLANG_WARN_DIRECT_OBJC_ISA_USAGE = YES_ERROR;
				CLANG_WARN_DOCUMENTATION_COMMENTS = YES;
				CLANG_WARN_EMPTY_BODY = YES;
				CLANG_WARN_ENUM_CONVERSION = YES;
				CLANG_WARN_INFINITE_RECURSION = YES;
				CLANG_WARN_INT_CONVERSION = YES;
				CLANG_WARN_NON_LITERAL_NULL_CONVERSION = YES;
				CLANG_WARN_OBJC_IMPLICIT_RETAIN_SELF = YES;
				CLANG_WARN_OBJC_LITERAL_CONVERSION = YES;
				CLANG_WARN_OBJC_ROOT_CLASS = YES_ERROR;
				CLANG_WARN_RANGE_LOOP_ANALYSIS = YES;
				CLANG_WARN_STRICT_PROTOTYPES = YES;
				CLANG_WARN_SUSPICIOUS_MOVE = YES;
				CLANG_WARN_UNGUARDED_AVAILABILITY = YES_AGGRESSIVE;
				CLANG_WARN_UNREACHABLE_CODE = YES;
				CLANG_WARN__DUPLICATE_METHOD_MATCH = YES;
				COPY_PHASE_STRIP = NO;
				DEBUG_INFORMATION_FORMAT = "dwarf-with-dsym";
				ENABLE_NS_ASSERTIONS = NO;
				ENABLE_STRICT_OBJC_MSGSEND = YES;
				GCC_C_LANGUAGE_STANDARD = gnu11;
				GCC_NO_COMMON_BLOCKS = YES;
				GCC_WARN_64_TO_32_BIT_CONVERSION = YES;
				GCC_WARN_ABOUT_RETURN_TYPE = YES_ERROR;
				GCC_WARN_UNDECLARED_SELECTOR = YES;
				GCC_WARN_UNINITIALIZED_AUTOS = YES_AGGRESSIVE;
				GCC_WARN_UNUSED_FUNCTION = YES;
				GCC_WARN_UNUSED_VARIABLE = YES;
				IPHONEOS_DEPLOYMENT_TARGET = 13.2;
				MTL_ENABLE_DEBUG_INFO = NO;
				MTL_FAST_MATH = YES;
				SDKROOT = iphoneos;
				SWIFT_COMPILATION_MODE = wholemodule;
				SWIFT_OPTIMIZATION_LEVEL = "-O";
				VALIDATE_PRODUCT = YES;
			};
			name = Release;
		};
		9AA4AEB824045B1700D79DAD /* Debug */ = {
			isa = XCBuildConfiguration;
			buildSettings = {
				ASSETCATALOG_COMPILER_APPICON_NAME = AppIcon;
				CODE_SIGN_STYLE = Automatic;
				INFOPLIST_FILE = NetworkingTestApp/Info.plist;
				LD_RUNPATH_SEARCH_PATHS = (
					"$(inherited)",
					"@executable_path/Frameworks",
				);
				PRODUCT_BUNDLE_IDENTIFIER = com.felah.majdi.NetworkingTestApp;
				PRODUCT_NAME = "$(TARGET_NAME)";
				SWIFT_VERSION = 5.0;
				TARGETED_DEVICE_FAMILY = "1,2";
			};
			name = Debug;
		};
		9AA4AEB924045B1700D79DAD /* Release */ = {
			isa = XCBuildConfiguration;
			buildSettings = {
				ASSETCATALOG_COMPILER_APPICON_NAME = AppIcon;
				CODE_SIGN_STYLE = Automatic;
				INFOPLIST_FILE = NetworkingTestApp/Info.plist;
				LD_RUNPATH_SEARCH_PATHS = (
					"$(inherited)",
					"@executable_path/Frameworks",
				);
				PRODUCT_BUNDLE_IDENTIFIER = com.felah.majdi.NetworkingTestApp;
				PRODUCT_NAME = "$(TARGET_NAME)";
				SWIFT_VERSION = 5.0;
				TARGETED_DEVICE_FAMILY = "1,2";
			};
			name = Release;
		};
		9AA4AEBB24045B1700D79DAD /* Debug */ = {
			isa = XCBuildConfiguration;
			buildSettings = {
				ALWAYS_EMBED_SWIFT_STANDARD_LIBRARIES = YES;
				BUNDLE_LOADER = "$(TEST_HOST)";
				CODE_SIGN_STYLE = Automatic;
				INFOPLIST_FILE = NetworkingTestAppTests/Info.plist;
				IPHONEOS_DEPLOYMENT_TARGET = 13.2;
				LD_RUNPATH_SEARCH_PATHS = (
					"$(inherited)",
					"@executable_path/Frameworks",
					"@loader_path/Frameworks",
				);
				PRODUCT_BUNDLE_IDENTIFIER = com.felah.majdi.NetworkingTestAppTests;
				PRODUCT_NAME = "$(TARGET_NAME)";
				SWIFT_VERSION = 5.0;
				TARGETED_DEVICE_FAMILY = "1,2";
				TEST_HOST = "$(BUILT_PRODUCTS_DIR)/NetworkingTestApp.app/NetworkingTestApp";
			};
			name = Debug;
		};
		9AA4AEBC24045B1700D79DAD /* Release */ = {
			isa = XCBuildConfiguration;
			buildSettings = {
				ALWAYS_EMBED_SWIFT_STANDARD_LIBRARIES = YES;
				BUNDLE_LOADER = "$(TEST_HOST)";
				CODE_SIGN_STYLE = Automatic;
				INFOPLIST_FILE = NetworkingTestAppTests/Info.plist;
				IPHONEOS_DEPLOYMENT_TARGET = 13.2;
				LD_RUNPATH_SEARCH_PATHS = (
					"$(inherited)",
					"@executable_path/Frameworks",
					"@loader_path/Frameworks",
				);
				PRODUCT_BUNDLE_IDENTIFIER = com.felah.majdi.NetworkingTestAppTests;
				PRODUCT_NAME = "$(TARGET_NAME)";
				SWIFT_VERSION = 5.0;
				TARGETED_DEVICE_FAMILY = "1,2";
				TEST_HOST = "$(BUILT_PRODUCTS_DIR)/NetworkingTestApp.app/NetworkingTestApp";
			};
			name = Release;
		};
		9AA4AEBE24045B1700D79DAD /* Debug */ = {
			isa = XCBuildConfiguration;
			buildSettings = {
				ALWAYS_EMBED_SWIFT_STANDARD_LIBRARIES = YES;
				CODE_SIGN_STYLE = Automatic;
				INFOPLIST_FILE = NetworkingTestAppUITests/Info.plist;
				LD_RUNPATH_SEARCH_PATHS = (
					"$(inherited)",
					"@executable_path/Frameworks",
					"@loader_path/Frameworks",
				);
				PRODUCT_BUNDLE_IDENTIFIER = com.felah.majdi.NetworkingTestAppUITests;
				PRODUCT_NAME = "$(TARGET_NAME)";
				SWIFT_VERSION = 5.0;
				TARGETED_DEVICE_FAMILY = "1,2";
				TEST_TARGET_NAME = NetworkingTestApp;
			};
			name = Debug;
		};
		9AA4AEBF24045B1700D79DAD /* Release */ = {
			isa = XCBuildConfiguration;
			buildSettings = {
				ALWAYS_EMBED_SWIFT_STANDARD_LIBRARIES = YES;
				CODE_SIGN_STYLE = Automatic;
				INFOPLIST_FILE = NetworkingTestAppUITests/Info.plist;
				LD_RUNPATH_SEARCH_PATHS = (
					"$(inherited)",
					"@executable_path/Frameworks",
					"@loader_path/Frameworks",
				);
				PRODUCT_BUNDLE_IDENTIFIER = com.felah.majdi.NetworkingTestAppUITests;
				PRODUCT_NAME = "$(TARGET_NAME)";
				SWIFT_VERSION = 5.0;
				TARGETED_DEVICE_FAMILY = "1,2";
				TEST_TARGET_NAME = NetworkingTestApp;
			};
			name = Release;
		};
/* End XCBuildConfiguration section */

/* Begin XCConfigurationList section */
		9AA4AE8824045B0A00D79DAD /* Build configuration list for PBXProject "NetworkingTestApp" */ = {
			isa = XCConfigurationList;
			buildConfigurations = (
				9AA4AEB524045B1700D79DAD /* Debug */,
				9AA4AEB624045B1700D79DAD /* Release */,
			);
			defaultConfigurationIsVisible = 0;
			defaultConfigurationName = Release;
		};
		9AA4AEB724045B1700D79DAD /* Build configuration list for PBXNativeTarget "NetworkingTestApp" */ = {
			isa = XCConfigurationList;
			buildConfigurations = (
				9AA4AEB824045B1700D79DAD /* Debug */,
				9AA4AEB924045B1700D79DAD /* Release */,
			);
			defaultConfigurationIsVisible = 0;
			defaultConfigurationName = Release;
		};
		9AA4AEBA24045B1700D79DAD /* Build configuration list for PBXNativeTarget "NetworkingTestAppTests" */ = {
			isa = XCConfigurationList;
			buildConfigurations = (
				9AA4AEBB24045B1700D79DAD /* Debug */,
				9AA4AEBC24045B1700D79DAD /* Release */,
			);
			defaultConfigurationIsVisible = 0;
			defaultConfigurationName = Release;
		};
		9AA4AEBD24045B1700D79DAD /* Build configuration list for PBXNativeTarget "NetworkingTestAppUITests" */ = {
			isa = XCConfigurationList;
			buildConfigurations = (
				9AA4AEBE24045B1700D79DAD /* Debug */,
				9AA4AEBF24045B1700D79DAD /* Release */,
			);
			defaultConfigurationIsVisible = 0;
			defaultConfigurationName = Release;
		};
/* End XCConfigurationList section */
	};
	rootObject = 9AA4AE8524045B0A00D79DAD /* Project object */;
}
